
Microsoft Visual Studio Solution File, Format Version 12.00
# Visual Studio Version 16
VisualStudioVersion = 16.0.31005.135
MinimumVisualStudioVersion = 10.0.40219.1
Project("{FAE04EC0-301F-11D3-BF4B-00C04F79EFBC}") = "Rabbit Race", "Rabbit Race.csproj", "{541A5A82-8737-4322-9C8E-FABFA1A691D9}"
EndProject
Global
	GlobalSection(SolutionConfigurationPlatforms) = preSolution
		Debug|Any CPU = Debug|Any CPU
		Release|Any CPU = Release|Any CPU
	EndGlobalSection
	GlobalSection(ProjectConfigurationPlatforms) = postSolution
		{541A5A82-8737-4322-9C8E-FABFA1A691D9}.Debug|Any CPU.ActiveCfg = Debug|Any CPU
		{541A5A82-8737-4322-9C8E-FABFA1A691D9}.Debug|Any CPU.Build.0 = Debug|Any CPU
		{541A5A82-8737-4322-9C8E-FABFA1A691D9}.Release|Any CPU.ActiveCfg = Release|Any CPU
		{541A5A82-8737-4322-9C8E-FABFA1A691D9}.Release|Any CPU.Build.0 = Release|Any CPU
	EndGlobalSection
	GlobalSection(SolutionProperties) = preSolution
		HideSolutionNode = FALSE
	EndGlobalSection
	GlobalSection(ExtensibilityGlobals) = postSolution
		SolutionGuid = {8AC5B04F-0E31-4AE7-8668-AE325F25552A}
	EndGlobalSection
EndGlobal
